
Microsoft Visual Studio Solution File, Format Version 12.00
# Visual Studio Version 17
VisualStudioVersion = 17.4.33205.214
MinimumVisualStudioVersion = 10.0.40219.1
Project("{FAE04EC0-301F-11D3-BF4B-00C04F79EFBC}") = "GD-SLEditor", "GD-SLEditor.csproj", "{A68DA6C1-D7A8-4B8C-ADD6-4B6528FBEBD6}"
EndProject
Global
	GlobalSection(SolutionConfigurationPlatforms) = preSolution
		Debug|Any CPU = Debug|Any CPU
		Release|Any CPU = Release|Any CPU
	EndGlobalSection
	GlobalSection(ProjectConfigurationPlatforms) = postSolution
		{A68DA6C1-D7A8-4B8C-ADD6-4B6528FBEBD6}.Debug|Any CPU.ActiveCfg = Debug|Any CPU
		{A68DA6C1-D7A8-4B8C-ADD6-4B6528FBEBD6}.Debug|Any CPU.Build.0 = Debug|Any CPU
		{A68DA6C1-D7A8-4B8C-ADD6-4B6528FBEBD6}.Release|Any CPU.ActiveCfg = Release|Any CPU
		{A68DA6C1-D7A8-4B8C-ADD6-4B6528FBEBD6}.Release|Any CPU.Build.0 = Release|Any CPU
	EndGlobalSection
	GlobalSection(SolutionProperties) = preSolution
		HideSolutionNode = FALSE
	EndGlobalSection
	GlobalSection(ExtensibilityGlobals) = postSolution
		SolutionGuid = {740A1553-64D7-4ABE-B7A9-AD60F68D7791}
	EndGlobalSection
EndGlobal
